# SUITE.lock — the known-good version matrix for the dossier container image.
#
# Update the regista_ref and Dockerfile ARG together. The CI image-build job
# reads this file to verify the pin matches.

component: dossier
version: "0.0.1"
python: "3.13"

regista:
  ref: d7d156c3841f7d0137c91be2f0558e697c35f4cc
  source: github.com/hraedon/regista
  # Pin to a commit SHA, never a branch. The face and the spine version
  # are a known-good pair recorded here.

container:
  registry: ghcr.io
  image: hraedon/dossier
  # Tag strategy: :latest for the tip, :<dossier-version> for releases,
  # :<dossier-version>-<regista-short-sha> for reproducible pinning.
